{
  "name": "hello-ci",
  "version": "1.0.0",
  "lockfileVersion": 3,
  "requires": true,
  "packages": {
    "": {
      "name": "hello-ci",
      "version": "1.0.0",
      "dependencies": {
        "express": "..."
      },
      "devDependencies": {
        "jest": "file:...",
        "jest-junit": "...",
        "selenium-webdriver": "..."
      }
    },
    "...": {},
    "node_modules/express": {
      "resolved": "...",
      "link": true
    },
    "node_modules/jest": {
      "resolved": "...",
      "link": true
    },
    "node_modules/jest-junit": {
      "resolved": "...",
      "link": true
    },
    "node_modules/selenium-webdriver": {
      "resolved": "...",
      "link": true
    }
  }
}
